
Microsoft Visual Studio Solution File, Format Version 12.00
# Visual Studio Version 17
VisualStudioVersion = 17.6.33829.357
MinimumVisualStudioVersion = 10.0.40219.1
Project("{FAE04EC0-301F-11D3-BF4B-00C04F79EFBC}") = "Dictionary", "Dictionary\Dictionary.csproj", "{A628CEC8-D561-4B43-AA7B-460C829343FF}"
EndProject
Global
	GlobalSection(SolutionConfigurationPlatforms) = preSolution
		Debug|Any CPU = Debug|Any CPU
		Release|Any CPU = Release|Any CPU
	EndGlobalSection
	GlobalSection(ProjectConfigurationPlatforms) = postSolution
		{A628CEC8-D561-4B43-AA7B-460C829343FF}.Debug|Any CPU.ActiveCfg = Debug|Any CPU
		{A628CEC8-D561-4B43-AA7B-460C829343FF}.Debug|Any CPU.Build.0 = Debug|Any CPU
		{A628CEC8-D561-4B43-AA7B-460C829343FF}.Release|Any CPU.ActiveCfg = Release|Any CPU
		{A628CEC8-D561-4B43-AA7B-460C829343FF}.Release|Any CPU.Build.0 = Release|Any CPU
	EndGlobalSection
	GlobalSection(SolutionProperties) = preSolution
		HideSolutionNode = FALSE
	EndGlobalSection
	GlobalSection(ExtensibilityGlobals) = postSolution
		SolutionGuid = {34BB0505-7002-4D8A-8717-182F78466460}
	EndGlobalSection
EndGlobal
